
Microsoft Visual Studio Solution File, Format Version 12.00
# Visual Studio 15
VisualStudioVersion = 15.0.26228.12
MinimumVisualStudioVersion = 10.0.40219.1
Project("{FAE04EC0-301F-11D3-BF4B-00C04F79EFBC}") = "Owlicity", "Owlicity\Owlicity.csproj", "{CC52C537-CF8E-4DCE-B644-43EE6C209E11}"
EndProject
Project("{9A19103F-16F7-4668-BE54-9A1E7A4F7556}") = "VelcroPhysics.MonoGame", "VelcroPhysics\VelcroPhysics\VelcroPhysics.MonoGame.csproj", "{3394F375-947A-4358-AA68-B6CF6743740E}"
EndProject
Project("{FAE04EC0-301F-11D3-BF4B-00C04F79EFBC}") = "Owlicity.Content.Pipeline", "Owlicity.Content.Pipeline\Owlicity.Content.Pipeline.csproj", "{3778161B-E78B-4574-AAA7-7AC853DAE575}"
EndProject
Project("{FAE04EC0-301F-11D3-BF4B-00C04F79EFBC}") = "Owlicity.Code", "Owlicity.Code\Owlicity.Code.csproj", "{D33C2A57-2CC3-4AF4-8B8E-CF530AC5F288}"
EndProject
Project("{9A19103F-16F7-4668-BE54-9A1E7A4F7556}") = "MonoGame", "VelcroPhysics\DebugViews\MonoGame\MonoGame.csproj", "{7A712520-A665-4ED7-A2B0-9C3E9705ECF8}"
EndProject
Project("{2150E333-8FDC-42A3-9474-1A3956D46DE8}") = "VelcroPhysics", "VelcroPhysics", "{38346262-7DAF-4553-AE53-2A8B85FCF644}"
EndProject
Project("{FAE04EC0-301F-11D3-BF4B-00C04F79EFBC}") = "Owlicity.Shared", "Owlicity.Shared\Owlicity.Shared.csproj", "{B2AE595E-7CAC-4889-9084-63AD1B05FD62}"
EndProject
Global
	GlobalSection(SolutionConfigurationPlatforms) = preSolution
		Debug|Any CPU = Debug|Any CPU
		Release|Any CPU = Release|Any CPU
	EndGlobalSection
	GlobalSection(ProjectConfigurationPlatforms) = postSolution
		{CC52C537-CF8E-4DCE-B644-43EE6C209E11}.Debug|Any CPU.ActiveCfg = Debug|Any CPU
		{CC52C537-CF8E-4DCE-B644-43EE6C209E11}.Debug|Any CPU.Build.0 = Debug|Any CPU
		{CC52C537-CF8E-4DCE-B644-43EE6C209E11}.Release|Any CPU.ActiveCfg = Release|Any CPU
		{CC52C537-CF8E-4DCE-B644-43EE6C209E11}.Release|Any CPU.Build.0 = Release|Any CPU
		{3394F375-947A-4358-AA68-B6CF6743740E}.Debug|Any CPU.ActiveCfg = Debug|Any CPU
		{3394F375-947A-4358-AA68-B6CF6743740E}.Debug|Any CPU.Build.0 = Debug|Any CPU
		{3394F375-947A-4358-AA68-B6CF6743740E}.Release|Any CPU.ActiveCfg = Release|Any CPU
		{3394F375-947A-4358-AA68-B6CF6743740E}.Release|Any CPU.Build.0 = Release|Any CPU
		{3778161B-E78B-4574-AAA7-7AC853DAE575}.Debug|Any CPU.ActiveCfg = Debug|Any CPU
		{3778161B-E78B-4574-AAA7-7AC853DAE575}.Debug|Any CPU.Build.0 = Debug|Any CPU
		{3778161B-E78B-4574-AAA7-7AC853DAE575}.Release|Any CPU.ActiveCfg = Release|Any CPU
		{3778161B-E78B-4574-AAA7-7AC853DAE575}.Release|Any CPU.Build.0 = Release|Any CPU
		{D33C2A57-2CC3-4AF4-8B8E-CF530AC5F288}.Debug|Any CPU.ActiveCfg = Debug|Any CPU
		{D33C2A57-2CC3-4AF4-8B8E-CF530AC5F288}.Debug|Any CPU.Build.0 = Debug|Any CPU
		{D33C2A57-2CC3-4AF4-8B8E-CF530AC5F288}.Release|Any CPU.ActiveCfg = Release|Any CPU
		{D33C2A57-2CC3-4AF4-8B8E-CF530AC5F288}.Release|Any CPU.Build.0 = Release|Any CPU
		{7A712520-A665-4ED7-A2B0-9C3E9705ECF8}.Debug|Any CPU.ActiveCfg = Debug|Any CPU
		{7A712520-A665-4ED7-A2B0-9C3E9705ECF8}.Debug|Any CPU.Build.0 = Debug|Any CPU
		{7A712520-A665-4ED7-A2B0-9C3E9705ECF8}.Release|Any CPU.ActiveCfg = Release|Any CPU
		{7A712520-A665-4ED7-A2B0-9C3E9705ECF8}.Release|Any CPU.Build.0 = Release|Any CPU
		{B2AE595E-7CAC-4889-9084-63AD1B05FD62}.Debug|Any CPU.ActiveCfg = Debug|Any CPU
		{B2AE595E-7CAC-4889-9084-63AD1B05FD62}.Debug|Any CPU.Build.0 = Debug|Any CPU
		{B2AE595E-7CAC-4889-9084-63AD1B05FD62}.Release|Any CPU.ActiveCfg = Release|Any CPU
		{B2AE595E-7CAC-4889-9084-63AD1B05FD62}.Release|Any CPU.Build.0 = Release|Any CPU
	EndGlobalSection
	GlobalSection(SolutionProperties) = preSolution
		HideSolutionNode = FALSE
	EndGlobalSection
	GlobalSection(NestedProjects) = preSolution
		{3394F375-947A-4358-AA68-B6CF6743740E} = {38346262-7DAF-4553-AE53-2A8B85FCF644}
		{7A712520-A665-4ED7-A2B0-9C3E9705ECF8} = {38346262-7DAF-4553-AE53-2A8B85FCF644}
	EndGlobalSection
EndGlobal
